
Microsoft Visual Studio Solution File, Format Version 12.00
# Visual Studio Version 16
VisualStudioVersion = 16.0.31515.178
MinimumVisualStudioVersion = 10.0.40219.1
Project("{8BC9CEB8-8B4A-11D0-8D11-00A0C91BC942}") = "The Krusty Veg", "The Krusty Veg\The Krusty Veg.vcxproj", "{13A104EA-67E1-421E-819E-4E284550F5CB}"
EndProject
Global
	GlobalSection(SolutionConfigurationPlatforms) = preSolution
		Debug|x64 = Debug|x64
		Debug|x86 = Debug|x86
		Release|x64 = Release|x64
		Release|x86 = Release|x86
	EndGlobalSection
	GlobalSection(ProjectConfigurationPlatforms) = postSolution
		{13A104EA-67E1-421E-819E-4E284550F5CB}.Debug|x64.ActiveCfg = Debug|x64
		{13A104EA-67E1-421E-819E-4E284550F5CB}.Debug|x64.Build.0 = Debug|x64
		{13A104EA-67E1-421E-819E-4E284550F5CB}.Debug|x86.ActiveCfg = Debug|Win32
		{13A104EA-67E1-421E-819E-4E284550F5CB}.Debug|x86.Build.0 = Debug|Win32
		{13A104EA-67E1-421E-819E-4E284550F5CB}.Release|x64.ActiveCfg = Release|x64
		{13A104EA-67E1-421E-819E-4E284550F5CB}.Release|x64.Build.0 = Release|x64
		{13A104EA-67E1-421E-819E-4E284550F5CB}.Release|x86.ActiveCfg = Release|Win32
		{13A104EA-67E1-421E-819E-4E284550F5CB}.Release|x86.Build.0 = Release|Win32
	EndGlobalSection
	GlobalSection(SolutionProperties) = preSolution
		HideSolutionNode = FALSE
	EndGlobalSection
	GlobalSection(ExtensibilityGlobals) = postSolution
		SolutionGuid = {4E4A5B09-D965-42F8-8F36-ACB07DBC977A}
	EndGlobalSection
EndGlobal
